// !$*UTF8*$!
{
	archiveVersion = 1;
	classes = {
	};
	objectVersion = 55;
	objects = {

/* Begin PBXBuildFile section */
		5D86A6172741B66D00C4E01F /* AppDelegate.swift in Sources */ = {isa = PBXBuildFile; fileRef = 5D86A6162741B66D00C4E01F /* AppDelegate.swift */; };
		5D86A6192741B66D00C4E01F /* SceneDelegate.swift in Sources */ = {isa = PBXBuildFile; fileRef = 5D86A6182741B66D00C4E01F /* SceneDelegate.swift */; };
		5D86A6202741B67000C4E01F /* Assets.xcassets in Resources */ = {isa = PBXBuildFile; fileRef = 5D86A61F2741B67000C4E01F /* Assets.xcassets */; };
		5D86A6232741B67000C4E01F /* LaunchScreen.storyboard in Resources */ = {isa = PBXBuildFile; fileRef = 5D86A6212741B67000C4E01F /* LaunchScreen.storyboard */; };
		5D86A62F2741B6E000C4E01F /* Main.storyboard in Resources */ = {isa = PBXBuildFile; fileRef = 5D86A62E2741B6E000C4E01F /* Main.storyboard */; };
		5D86A6342741B6F000C4E01F /* MapPlotPoint.swift in Sources */ = {isa = PBXBuildFile; fileRef = 5D86A6302741B6F000C4E01F /* MapPlotPoint.swift */; };
		5D86A6352741B6F000C4E01F /* AirspaceApi.swift in Sources */ = {isa = PBXBuildFile; fileRef = 5D86A6312741B6F000C4E01F /* AirspaceApi.swift */; };
		5D86A6362741B6F000C4E01F /* Location.swift in Sources */ = {isa = PBXBuildFile; fileRef = 5D86A6322741B6F000C4E01F /* Location.swift */; };
		5D86A6372741B6F000C4E01F /* NearbyLocation.swift in Sources */ = {isa = PBXBuildFile; fileRef = 5D86A6332741B6F000C4E01F /* NearbyLocation.swift */; };
		5D86A6392741B6F600C4E01F /* LocationDetailTableViewCell.swift in Sources */ = {isa = PBXBuildFile; fileRef = 5D86A6382741B6F600C4E01F /* LocationDetailTableViewCell.swift */; };
		5D86A63D2741B6FD00C4E01F /* HomeViewController.swift in Sources */ = {isa = PBXBuildFile; fileRef = 5D86A63A2741B6FD00C4E01F /* HomeViewController.swift */; };
		5D86A63E2741B6FD00C4E01F /* AllLocationsTableViewController.swift in Sources */ = {isa = PBXBuildFile; fileRef = 5D86A63B2741B6FD00C4E01F /* AllLocationsTableViewController.swift */; };
		5D86A63F2741B6FD00C4E01F /* MapViewController.swift in Sources */ = {isa = PBXBuildFile; fileRef = 5D86A63C2741B6FD00C4E01F /* MapViewController.swift */; };
		5D86A6412741B70300C4E01F /* AllLocationsDataSource.swift in Sources */ = {isa = PBXBuildFile; fileRef = 5D86A6402741B70300C4E01F /* AllLocationsDataSource.swift */; };
/* End PBXBuildFile section */

/* Begin PBXFileReference section */
		5D86A6132741B66D00C4E01F /* Drivers.app */ = {isa = PBXFileReference; explicitFileType = wrapper.application; includeInIndex = 0; path = Drivers.app; sourceTree = BUILT_PRODUCTS_DIR; };
		5D86A6162741B66D00C4E01F /* AppDelegate.swift */ = {isa = PBXFileReference; lastKnownFileType = sourcecode.swift; path = AppDelegate.swift; sourceTree = "<group>"; };
		5D86A6182741B66D00C4E01F /* SceneDelegate.swift */ = {isa = PBXFileReference; lastKnownFileType = sourcecode.swift; path = SceneDelegate.swift; sourceTree = "<group>"; };
		5D86A61F2741B67000C4E01F /* Assets.xcassets */ = {isa = PBXFileReference; lastKnownFileType = folder.assetcatalog; path = Assets.xcassets; sourceTree = "<group>"; };
		5D86A6222741B67000C4E01F /* Base */ = {isa = PBXFileReference; lastKnownFileType = file.storyboard; name = Base; path = Base.lproj/LaunchScreen.storyboard; sourceTree = "<group>"; };
		5D86A6242741B67000C4E01F /* Info.plist */ = {isa = PBXFileReference; lastKnownFileType = text.plist.xml; path = Info.plist; sourceTree = "<group>"; };
		5D86A62E2741B6E000C4E01F /* Main.storyboard */ = {isa = PBXFileReference; fileEncoding = 4; lastKnownFileType = file.storyboard; path = Main.storyboard; sourceTree = "<group>"; };
		5D86A6302741B6F000C4E01F /* MapPlotPoint.swift */ = {isa = PBXFileReference; fileEncoding = 4; lastKnownFileType = sourcecode.swift; path = MapPlotPoint.swift; sourceTree = "<group>"; };
		5D86A6312741B6F000C4E01F /* AirspaceApi.swift */ = {isa = PBXFileReference; fileEncoding = 4; lastKnownFileType = sourcecode.swift; path = AirspaceApi.swift; sourceTree = "<group>"; };
		5D86A6322741B6F000C4E01F /* Location.swift */ = {isa = PBXFileReference; fileEncoding = 4; lastKnownFileType = sourcecode.swift; path = Location.swift; sourceTree = "<group>"; };
		5D86A6332741B6F000C4E01F /* NearbyLocation.swift */ = {isa = PBXFileReference; fileEncoding = 4; lastKnownFileType = sourcecode.swift; path = NearbyLocation.swift; sourceTree = "<group>"; };
		5D86A6382741B6F600C4E01F /* LocationDetailTableViewCell.swift */ = {isa = PBXFileReference; fileEncoding = 4; lastKnownFileType = sourcecode.swift; path = LocationDetailTableViewCell.swift; sourceTree = "<group>"; };
		5D86A63A2741B6FD00C4E01F /* HomeViewController.swift */ = {isa = PBXFileReference; fileEncoding = 4; lastKnownFileType = sourcecode.swift; path = HomeViewController.swift; sourceTree = "<group>"; };
		5D86A63B2741B6FD00C4E01F /* AllLocationsTableViewController.swift */ = {isa = PBXFileReference; fileEncoding = 4; lastKnownFileType = sourcecode.swift; path = AllLocationsTableViewController.swift; sourceTree = "<group>"; };
		5D86A63C2741B6FD00C4E01F /* MapViewController.swift */ = {isa = PBXFileReference; fileEncoding = 4; lastKnownFileType = sourcecode.swift; path = MapViewController.swift; sourceTree = "<group>"; };
		5D86A6402741B70300C4E01F /* AllLocationsDataSource.swift */ = {isa = PBXFileReference; fileEncoding = 4; lastKnownFileType = sourcecode.swift; path = AllLocationsDataSource.swift; sourceTree = "<group>"; };
/* End PBXFileReference section */

/* Begin PBXFrameworksBuildPhase section */
		5D86A6102741B66D00C4E01F /* Frameworks */ = {
			isa = PBXFrameworksBuildPhase;
			buildActionMask = 2147483647;
			files = (
			);
			runOnlyForDeploymentPostprocessing = 0;
		};
/* End PBXFrameworksBuildPhase section */

/* Begin PBXGroup section */
		5D86A60A2741B66D00C4E01F = {
			isa = PBXGroup;
			children = (
				5D86A6152741B66D00C4E01F /* Drivers */,
				5D86A6142741B66D00C4E01F /* Products */,
			);
			sourceTree = "<group>";
		};
		5D86A6142741B66D00C4E01F /* Products */ = {
			isa = PBXGroup;
			children = (
				5D86A6132741B66D00C4E01F /* Drivers.app */,
			);
			name = Products;
			sourceTree = "<group>";
		};
		5D86A6152741B66D00C4E01F /* Drivers */ = {
			isa = PBXGroup;
			children = (
				5D86A6162741B66D00C4E01F /* AppDelegate.swift */,
				5D86A6182741B66D00C4E01F /* SceneDelegate.swift */,
				5D86A62A2741B6A100C4E01F /* Models */,
				5D86A62C2741B6AF00C4E01F /* Views */,
				5D86A62B2741B6A700C4E01F /* Controllers */,
				5D86A62E2741B6E000C4E01F /* Main.storyboard */,
				5D86A61F2741B67000C4E01F /* Assets.xcassets */,
				5D86A6212741B67000C4E01F /* LaunchScreen.storyboard */,
				5D86A6242741B67000C4E01F /* Info.plist */,
			);
			path = Drivers;
			sourceTree = "<group>";
		};
		5D86A62A2741B6A100C4E01F /* Models */ = {
			isa = PBXGroup;
			children = (
				5D86A6312741B6F000C4E01F /* AirspaceApi.swift */,
				5D86A6322741B6F000C4E01F /* Location.swift */,
				5D86A6302741B6F000C4E01F /* MapPlotPoint.swift */,
				5D86A6332741B6F000C4E01F /* NearbyLocation.swift */,
			);
			path = Models;
			sourceTree = "<group>";
		};
		5D86A62B2741B6A700C4E01F /* Controllers */ = {
			isa = PBXGroup;
			children = (
				5D86A63A2741B6FD00C4E01F /* HomeViewController.swift */,
				5D86A63C2741B6FD00C4E01F /* MapViewController.swift */,
				5D86A63B2741B6FD00C4E01F /* AllLocationsTableViewController.swift */,
				5D86A62D2741B6C500C4E01F /* DataSources */,
			);
			path = Controllers;
			sourceTree = "<group>";
		};
		5D86A62C2741B6AF00C4E01F /* Views */ = {
			isa = PBXGroup;
			children = (
				5D86A6382741B6F600C4E01F /* LocationDetailTableViewCell.swift */,
			);
			path = Views;
			sourceTree = "<group>";
		};
		5D86A62D2741B6C500C4E01F /* DataSources */ = {
			isa = PBXGroup;
			children = (
				5D86A6402741B70300C4E01F /* AllLocationsDataSource.swift */,
			);
			path = DataSources;
			sourceTree = "<group>";
		};
/* End PBXGroup section */

/* Begin PBXNativeTarget section */
		5D86A6122741B66D00C4E01F /* Drivers */ = {
			isa = PBXNativeTarget;
			buildConfigurationList = 5D86A6272741B67000C4E01F /* Build configuration list for PBXNativeTarget "Drivers" */;
			buildPhases = (
				5D86A60F2741B66D00C4E01F /* Sources */,
				5D86A6102741B66D00C4E01F /* Frameworks */,
				5D86A6112741B66D00C4E01F /* Resources */,
			);
			buildRules = (
			);
			dependencies = (
			);
			name = Drivers;
			productName = Drivers;
			productReference = 5D86A6132741B66D00C4E01F /* Drivers.app */;
			productType = "com.apple.product-type.application";
		};
/* End PBXNativeTarget section */

/* Begin PBXProject section */
		5D86A60B2741B66D00C4E01F /* Project object */ = {
			isa = PBXProject;
			attributes = {
				BuildIndependentTargetsInParallel = 1;
				LastSwiftUpdateCheck = 1300;
				LastUpgradeCheck = 1300;
				TargetAttributes = {
					5D86A6122741B66D00C4E01F = {
						CreatedOnToolsVersion = 13.0;
					};
				};
			};
			buildConfigurationList = 5D86A60E2741B66D00C4E01F /* Build configuration list for PBXProject "Drivers" */;
			compatibilityVersion = "Xcode 13.0";
			developmentRegion = en;
			hasScannedForEncodings = 0;
			knownRegions = (
				en,
				Base,
			);
			mainGroup = 5D86A60A2741B66D00C4E01F;
			productRefGroup = 5D86A6142741B66D00C4E01F /* Products */;
			projectDirPath = "";
			projectRoot = "";
			targets = (
				5D86A6122741B66D00C4E01F /* Drivers */,
			);
		};
/* End PBXProject section */

/* Begin PBXResourcesBuildPhase section */
		5D86A6112741B66D00C4E01F /* Resources */ = {
			isa = PBXResourcesBuildPhase;
			buildActionMask = 2147483647;
			files = (
				5D86A62F2741B6E000C4E01F /* Main.storyboard in Resources */,
				5D86A6232741B67000C4E01F /* LaunchScreen.storyboard in Resources */,
				5D86A6202741B67000C4E01F /* Assets.xcassets in Resources */,
			);
			runOnlyForDeploymentPostprocessing = 0;
		};
/* End PBXResourcesBuildPhase section */

/* Begin PBXSourcesBuildPhase section */
		5D86A60F2741B66D00C4E01F /* Sources */ = {
			isa = PBXSourcesBuildPhase;
			buildActionMask = 2147483647;
			files = (
				5D86A6342741B6F000C4E01F /* MapPlotPoint.swift in Sources */,
				5D86A6392741B6F600C4E01F /* LocationDetailTableViewCell.swift in Sources */,
				5D86A6172741B66D00C4E01F /* AppDelegate.swift in Sources */,
				5D86A63F2741B6FD00C4E01F /* MapViewController.swift in Sources */,
				5D86A6362741B6F000C4E01F /* Location.swift in Sources */,
				5D86A6412741B70300C4E01F /* AllLocationsDataSource.swift in Sources */,
				5D86A6352741B6F000C4E01F /* AirspaceApi.swift in Sources */,
				5D86A6192741B66D00C4E01F /* SceneDelegate.swift in Sources */,
				5D86A63E2741B6FD00C4E01F /* AllLocationsTableViewController.swift in Sources */,
				5D86A63D2741B6FD00C4E01F /* HomeViewController.swift in Sources */,
				5D86A6372741B6F000C4E01F /* NearbyLocation.swift in Sources */,
			);
			runOnlyForDeploymentPostprocessing = 0;
		};
/* End PBXSourcesBuildPhase section */

/* Begin PBXVariantGroup section */
		5D86A6212741B67000C4E01F /* LaunchScreen.storyboard */ = {
			isa = PBXVariantGroup;
			children = (
				5D86A6222741B67000C4E01F /* Base */,
			);
			name = LaunchScreen.storyboard;
			sourceTree = "<group>";
		};
/* End PBXVariantGroup section */

/* Begin XCBuildConfiguration section */
		5D86A6252741B67000C4E01F /* Debug */ = {
			isa = XCBuildConfiguration;
			buildSettings = {
				ALWAYS_SEARCH_USER_PATHS = NO;
				CLANG_ANALYZER_NONNULL = YES;
				CLANG_ANALYZER_NUMBER_OBJECT_CONVERSION = YES_AGGRESSIVE;
				CLANG_CXX_LANGUAGE_STANDARD = "gnu++17";
				CLANG_CXX_LIBRARY = "libc++";
				CLANG_ENABLE_MODULES = YES;
				CLANG_ENABLE_OBJC_ARC = YES;
				CLANG_ENABLE_OBJC_WEAK = YES;
				CLANG_WARN_BLOCK_CAPTURE_AUTORELEASING = YES;
				CLANG_WARN_BOOL_CONVERSION = YES;
				CLANG_WARN_COMMA = YES;
				CLANG_WARN_CONSTANT_CONVERSION = YES;
				CLANG_WARN_DEPRECATED_OBJC_IMPLEMENTATIONS = YES;
				CLANG_WARN_DIRECT_OBJC_ISA_USAGE = YES_ERROR;
				CLANG_WARN_DOCUMENTATION_COMMENTS = YES;
				CLANG_WARN_EMPTY_BODY = YES;
				CLANG_WARN_ENUM_CONVERSION = YES;
				CLANG_WARN_INFINITE_RECURSION = YES;
				CLANG_WARN_INT_CONVERSION = YES;
				CLANG_WARN_NON_LITERAL_NULL_CONVERSION = YES;
				CLANG_WARN_OBJC_IMPLICIT_RETAIN_SELF = YES;
				CLANG_WARN_OBJC_LITERAL_CONVERSION = YES;
				CLANG_WARN_OBJC_ROOT_CLASS = YES_ERROR;
				CLANG_WARN_QUOTED_INCLUDE_IN_FRAMEWORK_HEADER = YES;
				CLANG_WARN_RANGE_LOOP_ANALYSIS = YES;
				CLANG_WARN_STRICT_PROTOTYPES = YES;
				CLANG_WARN_SUSPICIOUS_MOVE = YES;
				CLANG_WARN_UNGUARDED_AVAILABILITY = YES_AGGRESSIVE;
				CLANG_WARN_UNREACHABLE_CODE = YES;
				CLANG_WARN__DUPLICATE_METHOD_MATCH = YES;
				COPY_PHASE_STRIP = NO;
				DEBUG_INFORMATION_FORMAT = dwarf;
				ENABLE_STRICT_OBJC_MSGSEND = YES;
				ENABLE_TESTABILITY = YES;
				GCC_C_LANGUAGE_STANDARD = gnu11;
				GCC_DYNAMIC_NO_PIC = NO;
				GCC_NO_COMMON_BLOCKS = YES;
				GCC_OPTIMIZATION_LEVEL = 0;
				GCC_PREPROCESSOR_DEFINITIONS = (
					"DEBUG=1",
					"$(inherited)",
				);
				GCC_WARN_64_TO_32_BIT_CONVERSION = YES;
				GCC_WARN_ABOUT_RETURN_TYPE = YES_ERROR;
				GCC_WARN_UNDECLARED_SELECTOR = YES;
				GCC_WARN_UNINITIALIZED_AUTOS = YES_AGGRESSIVE;
				GCC_WARN_UNUSED_FUNCTION = YES;
				GCC_WARN_UNUSED_VARIABLE = YES;
				IPHONEOS_DEPLOYMENT_TARGET = 15.0;
				MTL_ENABLE_DEBUG_INFO = INCLUDE_SOURCE;
				MTL_FAST_MATH = YES;
				ONLY_ACTIVE_ARCH = YES;
				SDKROOT = iphoneos;
				SWIFT_ACTIVE_COMPILATION_CONDITIONS = DEBUG;
				SWIFT_OPTIMIZATION_LEVEL = "-Onone";
			};
			name = Debug;
		};
		5D86A6262741B67000C4E01F /* Release */ = {
			isa = XCBuildConfiguration;
			buildSettings = {
				ALWAYS_SEARCH_USER_PATHS = NO;
				CLANG_ANALYZER_NONNULL = YES;
				CLANG_ANALYZER_NUMBER_OBJECT_CONVERSION = YES_AGGRESSIVE;
				CLANG_CXX_LANGUAGE_STANDARD = "gnu++17";
				CLANG_CXX_LIBRARY = "libc++";
				CLANG_ENABLE_MODULES = YES;
				CLANG_ENABLE_OBJC_ARC = YES;
				CLANG_ENABLE_OBJC_WEAK = YES;
				CLANG_WARN_BLOCK_CAPTURE_AUTORELEASING = YES;
				CLANG_WARN_BOOL_CONVERSION = YES;
				CLANG_WARN_COMMA = YES;
				CLANG_WARN_CONSTANT_CONVERSION = YES;
				CLANG_WARN_DEPRECATED_OBJC_IMPLEMENTATIONS = YES;
				CLANG_WARN_DIRECT_OBJC_ISA_USAGE = YES_ERROR;
				CLANG_WARN_DOCUMENTATION_COMMENTS = YES;
				CLANG_WARN_EMPTY_BODY = YES;
				CLANG_WARN_ENUM_CONVERSION = YES;
				CLANG_WARN_INFINITE_RECURSION = YES;
				CLANG_WARN_INT_CONVERSION = YES;
				CLANG_WARN_NON_LITERAL_NULL_CONVERSION = YES;
				CLANG_WARN_OBJC_IMPLICIT_RETAIN_SELF = YES;
				CLANG_WARN_OBJC_LITERAL_CONVERSION = YES;
				CLANG_WARN_OBJC_ROOT_CLASS = YES_ERROR;
				CLANG_WARN_QUOTED_INCLUDE_IN_FRAMEWORK_HEADER = YES;
				CLANG_WARN_RANGE_LOOP_ANALYSIS = YES;
				CLANG_WARN_STRICT_PROTOTYPES = YES;
				CLANG_WARN_SUSPICIOUS_MOVE = YES;
				CLANG_WARN_UNGUARDED_AVAILABILITY = YES_AGGRESSIVE;
				CLANG_WARN_UNREACHABLE_CODE = YES;
				CLANG_WARN__DUPLICATE_METHOD_MATCH = YES;
				COPY_PHASE_STRIP = NO;
				DEBUG_INFORMATION_FORMAT = "dwarf-with-dsym";
				ENABLE_NS_ASSERTIONS = NO;
				ENABLE_STRICT_OBJC_MSGSEND = YES;
				GCC_C_LANGUAGE_STANDARD = gnu11;
				GCC_NO_COMMON_BLOCKS = YES;
				GCC_WARN_64_TO_32_BIT_CONVERSION = YES;
				GCC_WARN_ABOUT_RETURN_TYPE = YES_ERROR;
				GCC_WARN_UNDECLARED_SELECTOR = YES;
				GCC_WARN_UNINITIALIZED_AUTOS = YES_AGGRESSIVE;
				GCC_WARN_UNUSED_FUNCTION = YES;
				GCC_WARN_UNUSED_VARIABLE = YES;
				IPHONEOS_DEPLOYMENT_TARGET = 15.0;
				MTL_ENABLE_DEBUG_INFO = NO;
				MTL_FAST_MATH = YES;
				SDKROOT = iphoneos;
				SWIFT_COMPILATION_MODE = wholemodule;
				SWIFT_OPTIMIZATION_LEVEL = "-O";
				VALIDATE_PRODUCT = YES;
			};
			name = Release;
		};
		5D86A6282741B67000C4E01F /* Debug */ = {
			isa = XCBuildConfiguration;
			buildSettings = {
				ASSETCATALOG_COMPILER_APPICON_NAME = AppIcon;
				ASSETCATALOG_COMPILER_GLOBAL_ACCENT_COLOR_NAME = AccentColor;
				CODE_SIGN_STYLE = Automatic;
				CURRENT_PROJECT_VERSION = 1;
				GENERATE_INFOPLIST_FILE = YES;
				INFOPLIST_FILE = Drivers/Info.plist;
				INFOPLIST_KEY_UIApplicationSupportsIndirectInputEvents = YES;
				INFOPLIST_KEY_UILaunchStoryboardName = LaunchScreen;
				INFOPLIST_KEY_UIMainStoryboardFile = Main;
				INFOPLIST_KEY_UISupportedInterfaceOrientations_iPad = "UIInterfaceOrientationPortrait UIInterfaceOrientationPortraitUpsideDown UIInterfaceOrientationLandscapeLeft UIInterfaceOrientationLandscapeRight";
				INFOPLIST_KEY_UISupportedInterfaceOrientations_iPhone = "UIInterfaceOrientationPortrait UIInterfaceOrientationLandscapeLeft UIInterfaceOrientationLandscapeRight";
				LD_RUNPATH_SEARCH_PATHS = (
					"$(inherited)",
					"@executable_path/Frameworks",
				);
				MARKETING_VERSION = 1.0;
				PRODUCT_BUNDLE_IDENTIFIER = CompSci01x.Drivers;
				PRODUCT_NAME = "$(TARGET_NAME)";
				SWIFT_EMIT_LOC_STRINGS = YES;
				SWIFT_VERSION = 5.0;
				TARGETED_DEVICE_FAMILY = 1;
			};
			name = Debug;
		};
		5D86A6292741B67000C4E01F /* Release */ = {
			isa = XCBuildConfiguration;
			buildSettings = {
				ASSETCATALOG_COMPILER_APPICON_NAME = AppIcon;
				ASSETCATALOG_COMPILER_GLOBAL_ACCENT_COLOR_NAME = AccentColor;
				CODE_SIGN_STYLE = Automatic;
				CURRENT_PROJECT_VERSION = 1;
				GENERATE_INFOPLIST_FILE = YES;
				INFOPLIST_FILE = Drivers/Info.plist;
				INFOPLIST_KEY_UIApplicationSupportsIndirectInputEvents = YES;
				INFOPLIST_KEY_UILaunchStoryboardName = LaunchScreen;
				INFOPLIST_KEY_UIMainStoryboardFile = Main;
				INFOPLIST_KEY_UISupportedInterfaceOrientations_iPad = "UIInterfaceOrientationPortrait UIInterfaceOrientationPortraitUpsideDown UIInterfaceOrientationLandscapeLeft UIInterfaceOrientationLandscapeRight";
				INFOPLIST_KEY_UISupportedInterfaceOrientations_iPhone = "UIInterfaceOrientationPortrait UIInterfaceOrientationLandscapeLeft UIInterfaceOrientationLandscapeRight";
				LD_RUNPATH_SEARCH_PATHS = (
					"$(inherited)",
					"@executable_path/Frameworks",
				);
				MARKETING_VERSION = 1.0;
				PRODUCT_BUNDLE_IDENTIFIER = CompSci01x.Drivers;
				PRODUCT_NAME = "$(TARGET_NAME)";
				SWIFT_EMIT_LOC_STRINGS = YES;
				SWIFT_VERSION = 5.0;
				TARGETED_DEVICE_FAMILY = 1;
			};
			name = Release;
		};
/* End XCBuildConfiguration section */

/* Begin XCConfigurationList section */
		5D86A60E2741B66D00C4E01F /* Build configuration list for PBXProject "Drivers" */ = {
			isa = XCConfigurationList;
			buildConfigurations = (
				5D86A6252741B67000C4E01F /* Debug */,
				5D86A6262741B67000C4E01F /* Release */,
			);
			defaultConfigurationIsVisible = 0;
			defaultConfigurationName = Release;
		};
		5D86A6272741B67000C4E01F /* Build configuration list for PBXNativeTarget "Drivers" */ = {
			isa = XCConfigurationList;
			buildConfigurations = (
				5D86A6282741B67000C4E01F /* Debug */,
				5D86A6292741B67000C4E01F /* Release */,
			);
			defaultConfigurationIsVisible = 0;
			defaultConfigurationName = Release;
		};
/* End XCConfigurationList section */
	};
	rootObject = 5D86A60B2741B66D00C4E01F /* Project object */;
}
